// !$*UTF8*$!
{
	archiveVersion = 1;
	classes = {
	};
	objectVersion = 60;
	objects = {

/* Begin PBXBuildFile section */
		164366D16C2B48FB8B1AD62C /* SleepSessionManager.swift in Sources */ = {isa = PBXBuildFile; fileRef = 16E59577B335420A8BB52D03 /* SleepSessionManager.swift */; };
		2C2D89CF480F475BB97C2814 /* XCTest.framework in Frameworks */ = {isa = PBXBuildFile; fileRef = 8C4E009FE67B471789AF1614 /* XCTest.framework */; };
		4ECEA047B6CC4985AF524C76 /* MotionConstants.swift in Sources */ = {isa = PBXBuildFile; fileRef = D37D6BCD1B354F4FA28A556F /* MotionConstants.swift */; };
		6D4C11F912844D17AD6998C6 /* MotionManager.swift in Sources */ = {isa = PBXBuildFile; fileRef = 1FF9F7E06A9B470CA6BC7661 /* MotionManager.swift */; };
		687CE6390B4342A283135CF0 /* MotionDetectionTests.swift in Sources */ = {isa = PBXBuildFile; fileRef = 0C173E4DFAE44943833EC1E0 /* MotionDetectionTests.swift */; };
		79590B74D53D47B79DBEB088 /* Smart_Watch_AlarmApp.swift in Sources */ = {isa = PBXBuildFile; fileRef = 06BA428FC16341D3AC78030D /* Smart_Watch_AlarmApp.swift */; };
		99E6C63BCD4245A1B2C1F457 /* ContentView.swift in Sources */ = {isa = PBXBuildFile; fileRef = 3219B068ED7B43D4A85EBFB8 /* ContentView.swift */; };
		A393627F2B5E4310B1466ED3 /* Assets.xcassets in Resources */ = {isa = PBXBuildFile; fileRef = 0BD535B6988B4646A3E94A92 /* Assets.xcassets */; };
		EEC868D710B5408FA76EA54C /* SleepSessionManagerTests.swift in Sources */ = {isa = PBXBuildFile; fileRef = D4933B58882D49D5A7ADD16D /* SleepSessionManagerTests.swift */; };
/* End PBXBuildFile section */

/* Begin PBXContainerItemProxy section */
		91B6922B0A19400788FCC02A /* PBXContainerItemProxy */ = {
			isa = PBXContainerItemProxy;
			containerPortal = 507028CDBF2542F8A307CC53 /* Project object */;
			proxyType = 1;
			remoteGlobalIDString = 1E50FE01988C4EB2A21DFF40;
			remoteInfo = "Smart-Watch-Alarm";
		};
/* End PBXContainerItemProxy section */

/* Begin PBXFileReference section */
		06BA428FC16341D3AC78030D /* Smart_Watch_AlarmApp.swift */ = {isa = PBXFileReference; lastKnownFileType = sourcecode.swift; path = Smart_Watch_AlarmApp.swift; sourceTree = "<group>"; };
		0BD535B6988B4646A3E94A92 /* Assets.xcassets */ = {isa = PBXFileReference; lastKnownFileType = folder.assetcatalog; path = Assets.xcassets; sourceTree = "<group>"; };
		0C173E4DFAE44943833EC1E0 /* MotionDetectionTests.swift */ = {isa = PBXFileReference; lastKnownFileType = sourcecode.swift; path = MotionDetectionTests.swift; sourceTree = "<group>"; };
		11D1E7AAA5004B51A52B090B /* Smart-Watch-AlarmTests.xctest */ = {isa = PBXFileReference; explicitFileType = wrapper.cfbundle; includeInIndex = 0; path = "Smart-Watch-AlarmTests.xctest"; sourceTree = BUILT_PRODUCTS_DIR; };
		12C55BF685E24B0082680F08 /* Smart-Watch-Alarm.entitlements */ = {isa = PBXFileReference; lastKnownFileType = text.plist.entitlements; path = "Smart-Watch-Alarm.entitlements"; sourceTree = "<group>"; };
		1FF9F7E06A9B470CA6BC7661 /* MotionManager.swift */ = {isa = PBXFileReference; lastKnownFileType = sourcecode.swift; path = MotionManager.swift; sourceTree = "<group>"; };
		D37D6BCD1B354F4FA28A556F /* MotionConstants.swift */ = {isa = PBXFileReference; lastKnownFileType = sourcecode.swift; path = MotionConstants.swift; sourceTree = "<group>"; };
		16E59577B335420A8BB52D03 /* SleepSessionManager.swift */ = {isa = PBXFileReference; lastKnownFileType = sourcecode.swift; path = SleepSessionManager.swift; sourceTree = "<group>"; };
		3219B068ED7B43D4A85EBFB8 /* ContentView.swift */ = {isa = PBXFileReference; lastKnownFileType = sourcecode.swift; path = ContentView.swift; sourceTree = "<group>"; };
		741B475BE09D4DE3A22B3A43 /* Info.plist */ = {isa = PBXFileReference; lastKnownFileType = text.plist.xml; path = Info.plist; sourceTree = "<group>"; };
		861B8B584C8944519D683879 /* Smart-Watch-Alarm.app */ = {isa = PBXFileReference; explicitFileType = wrapper.application; includeInIndex = 0; path = "Smart-Watch-Alarm.app"; sourceTree = BUILT_PRODUCTS_DIR; };
		8C4E009FE67B471789AF1614 /* XCTest.framework */ = {isa = PBXFileReference; lastKnownFileType = wrapper.framework; name = XCTest.framework; path = System/Library/Frameworks/XCTest.framework; sourceTree = SDKROOT; };
		D4933B58882D49D5A7ADD16D /* SleepSessionManagerTests.swift */ = {isa = PBXFileReference; lastKnownFileType = sourcecode.swift; path = SleepSessionManagerTests.swift; sourceTree = "<group>"; };
		DDDA726DD0754E04B2AB776B /* Info.plist */ = {isa = PBXFileReference; lastKnownFileType = text.plist.xml; path = Info.plist; sourceTree = "<group>"; };
/* End PBXFileReference section */

/* Begin PBXFrameworksBuildPhase section */
		1E27B1C18D3A47258C40704C /* Frameworks */ = {
			isa = PBXFrameworksBuildPhase;
			buildActionMask = 2147483647;
			files = (
				2C2D89CF480F475BB97C2814 /* XCTest.framework in Frameworks */,
			);
			runOnlyForDeploymentPostprocessing = 0;
		};
		6E126D71B41A458D948E1F6B /* Frameworks */ = {
			isa = PBXFrameworksBuildPhase;
			buildActionMask = 2147483647;
			files = (
			);
			runOnlyForDeploymentPostprocessing = 0;
		};
/* End PBXFrameworksBuildPhase section */

/* Begin PBXGroup section */
		82B343597C7A4A18B6904952 /* Smart-Watch-Alarm */ = {
			isa = PBXGroup;
			children = (
				06BA428FC16341D3AC78030D /* Smart_Watch_AlarmApp.swift */,
				D37D6BCD1B354F4FA28A556F /* MotionConstants.swift */,
				1FF9F7E06A9B470CA6BC7661 /* MotionManager.swift */,
				16E59577B335420A8BB52D03 /* SleepSessionManager.swift */,
				3219B068ED7B43D4A85EBFB8 /* ContentView.swift */,
				0BD535B6988B4646A3E94A92 /* Assets.xcassets */,
				DDDA726DD0754E04B2AB776B /* Info.plist */,
				12C55BF685E24B0082680F08 /* Smart-Watch-Alarm.entitlements */,
			);
			path = "Smart-Watch-Alarm";
			sourceTree = "<group>";
		};
		AB1E62B0F8C744A7A270A928 /* Smart-Watch-AlarmTests */ = {
			isa = PBXGroup;
			children = (
				0C173E4DFAE44943833EC1E0 /* MotionDetectionTests.swift */,
				D4933B58882D49D5A7ADD16D /* SleepSessionManagerTests.swift */,
				741B475BE09D4DE3A22B3A43 /* Info.plist */,
			);
			path = "Smart-Watch-AlarmTests";
			sourceTree = "<group>";
		};
		CADDFA32A1AC473DBC628656 /* Products */ = {
			isa = PBXGroup;
			children = (
				861B8B584C8944519D683879 /* Smart-Watch-Alarm.app */,
				11D1E7AAA5004B51A52B090B /* Smart-Watch-AlarmTests.xctest */,
			);
			name = Products;
			sourceTree = "<group>";
		};
		F8770BB38BF346EFBD0E52B6 /* Frameworks */ = {
			isa = PBXGroup;
			children = (
				8C4E009FE67B471789AF1614 /* XCTest.framework */,
			);
			name = Frameworks;
			sourceTree = "<group>";
		};
		FA63CAE4BBDB42B5BBF099FF = {
			isa = PBXGroup;
			children = (
				82B343597C7A4A18B6904952 /* Smart-Watch-Alarm */,
				AB1E62B0F8C744A7A270A928 /* Smart-Watch-AlarmTests */,
				F8770BB38BF346EFBD0E52B6 /* Frameworks */,
				CADDFA32A1AC473DBC628656 /* Products */,
			);
			sourceTree = "<group>";
		};
/* End PBXGroup section */

/* Begin PBXNativeTarget section */
		1E50FE01988C4EB2A21DFF40 /* Smart-Watch-Alarm */ = {
			isa = PBXNativeTarget;
			buildConfigurationList = EFB26C627744453B949630CC /* Build configuration list for PBXNativeTarget "Smart-Watch-Alarm" */;
			buildPhases = (
				A66EBDC54B5B4DA2BE1AA629 /* Sources */,
				6E126D71B41A458D948E1F6B /* Frameworks */,
				38A012A8E2274DB39E270BAD /* Resources */,
			);
			buildRules = (
			);
			dependencies = (
			);
			name = "Smart-Watch-Alarm";
			productName = "Smart-Watch-Alarm";
			productReference = 861B8B584C8944519D683879 /* Smart-Watch-Alarm.app */;
			productType = "com.apple.product-type.application";
		};
		35AB13A43BBB456E9AF07C59 /* Smart-Watch-AlarmTests */ = {
			isa = PBXNativeTarget;
			buildConfigurationList = D1DF8481B3BE4D8D9B09F5AD /* Build configuration list for PBXNativeTarget "Smart-Watch-AlarmTests" */;
			buildPhases = (
				7887C8B68D8946C59EFB1155 /* Sources */,
				1E27B1C18D3A47258C40704C /* Frameworks */,
				13721932E736407D92B0E49A /* Resources */,
			);
			buildRules = (
			);
			dependencies = (
				2EF23351C13D4BEC9D17449B /* PBXTargetDependency */,
			);
			name = "Smart-Watch-AlarmTests";
			productName = "Smart-Watch-AlarmTests";
			productReference = 11D1E7AAA5004B51A52B090B /* Smart-Watch-AlarmTests.xctest */;
			productType = "com.apple.product-type.bundle.unit-test";
		};
/* End PBXNativeTarget section */

/* Begin PBXProject section */
		507028CDBF2542F8A307CC53 /* Project object */ = {
			isa = PBXProject;
			attributes = {
				BuildIndependentTargetsInParallel = YES;
				LastSwiftUpdateCheck = 1500;
				LastUpgradeCheck = 2620;
			};
			buildConfigurationList = 0EBA954BA1524230AC38EEE7 /* Build configuration list for PBXProject "Smart-Watch-Alarm" */;
			compatibilityVersion = "Xcode 15.0";
			developmentRegion = en;
			hasScannedForEncodings = 0;
			knownRegions = (
				en,
				Base,
			);
			mainGroup = FA63CAE4BBDB42B5BBF099FF;
			productRefGroup = CADDFA32A1AC473DBC628656 /* Products */;
			projectDirPath = "";
			projectRoot = "";
			targets = (
				1E50FE01988C4EB2A21DFF40 /* Smart-Watch-Alarm */,
				35AB13A43BBB456E9AF07C59 /* Smart-Watch-AlarmTests */,
			);
		};
/* End PBXProject section */

/* Begin PBXResourcesBuildPhase section */
		13721932E736407D92B0E49A /* Resources */ = {
			isa = PBXResourcesBuildPhase;
			buildActionMask = 2147483647;
			files = (
			);
			runOnlyForDeploymentPostprocessing = 0;
		};
		38A012A8E2274DB39E270BAD /* Resources */ = {
			isa = PBXResourcesBuildPhase;
			buildActionMask = 2147483647;
			files = (
				A393627F2B5E4310B1466ED3 /* Assets.xcassets in Resources */,
			);
			runOnlyForDeploymentPostprocessing = 0;
		};
/* End PBXResourcesBuildPhase section */

/* Begin PBXSourcesBuildPhase section */
		7887C8B68D8946C59EFB1155 /* Sources */ = {
			isa = PBXSourcesBuildPhase;
			buildActionMask = 2147483647;
			files = (
				687CE6390B4342A283135CF0 /* MotionDetectionTests.swift in Sources */,
				EEC868D710B5408FA76EA54C /* SleepSessionManagerTests.swift in Sources */,
			);
			runOnlyForDeploymentPostprocessing = 0;
		};
		A66EBDC54B5B4DA2BE1AA629 /* Sources */ = {
			isa = PBXSourcesBuildPhase;
			buildActionMask = 2147483647;
			files = (
				4ECEA047B6CC4985AF524C76 /* MotionConstants.swift in Sources */,
				6D4C11F912844D17AD6998C6 /* MotionManager.swift in Sources */,
				79590B74D53D47B79DBEB088 /* Smart_Watch_AlarmApp.swift in Sources */,
				164366D16C2B48FB8B1AD62C /* SleepSessionManager.swift in Sources */,
				99E6C63BCD4245A1B2C1F457 /* ContentView.swift in Sources */,
			);
			runOnlyForDeploymentPostprocessing = 0;
		};
/* End PBXSourcesBuildPhase section */

/* Begin PBXTargetDependency section */
		2EF23351C13D4BEC9D17449B /* PBXTargetDependency */ = {
			isa = PBXTargetDependency;
			target = 1E50FE01988C4EB2A21DFF40 /* Smart-Watch-Alarm */;
			targetProxy = 91B6922B0A19400788FCC02A /* PBXContainerItemProxy */;
		};
/* End PBXTargetDependency section */

/* Begin XCBuildConfiguration section */
		19199C2875D54895BCA8DB61 /* Release */ = {
			isa = XCBuildConfiguration;
			buildSettings = {
				CLANG_ANALYZER_NONNULL = YES;
				CLANG_CXX_LANGUAGE_STANDARD = "gnu++20";
				CLANG_CXX_LIBRARY = "libc++";
				CLANG_ENABLE_MODULES = YES;
				CLANG_ENABLE_OBJC_ARC = YES;
				CLANG_WARN_BLOCK_CAPTURE_AUTORELEASING = YES;
				CLANG_WARN_BOOL_CONVERSION = YES;
				CLANG_WARN_COMMA = YES;
				CLANG_WARN_CONSTANT_CONVERSION = YES;
				CLANG_WARN_DEPRECATED_OBJC_IMPLEMENTATIONS = YES;
				CLANG_WARN_EMPTY_BODY = YES;
				CLANG_WARN_ENUM_CONVERSION = YES;
				CLANG_WARN_INFINITE_RECURSION = YES;
				CLANG_WARN_INT_CONVERSION = YES;
				CLANG_WARN_NON_LITERAL_NULL_CONVERSION = YES;
				CLANG_WARN_OBJC_IMPLICIT_RETAIN_SELF = YES;
				CLANG_WARN_OBJC_LITERAL_CONVERSION = YES;
				CLANG_WARN_QUOTED_INCLUDE_IN_FRAMEWORK_HEADER = YES;
				CLANG_WARN_RANGE_LOOP_ANALYSIS = YES;
				CLANG_WARN_STRICT_PROTOTYPES = YES;
				CLANG_WARN_SUSPICIOUS_MOVE = YES;
				CLANG_WARN_UNREACHABLE_CODE = YES;
				CLANG_WARN__DUPLICATE_METHOD_MATCH = YES;
				DEAD_CODE_STRIPPING = YES;
				ENABLE_STRICT_OBJC_MSGSEND = YES;
				ENABLE_USER_SCRIPT_SANDBOXING = YES;
				GCC_NO_COMMON_BLOCKS = YES;
				GCC_WARN_64_TO_32_BIT_CONVERSION = YES;
				GCC_WARN_ABOUT_RETURN_TYPE = YES;
				GCC_WARN_UNDECLARED_SELECTOR = YES;
				GCC_WARN_UNINITIALIZED_AUTOS = YES;
				GCC_WARN_UNUSED_FUNCTION = YES;
				GCC_WARN_UNUSED_VARIABLE = YES;
				STRING_CATALOG_GENERATE_SYMBOLS = YES;
				SWIFT_COMPILATION_MODE = wholemodule;
				SWIFT_VERSION = 5.0;
			};
			name = Release;
		};
		1FA2BD6188E64114A739103A /* Debug */ = {
			isa = XCBuildConfiguration;
			buildSettings = {
				CLANG_ANALYZER_NONNULL = YES;
				CLANG_CXX_LANGUAGE_STANDARD = "gnu++20";
				CLANG_CXX_LIBRARY = "libc++";
				CLANG_ENABLE_MODULES = YES;
				CLANG_ENABLE_OBJC_ARC = YES;
				CLANG_WARN_BLOCK_CAPTURE_AUTORELEASING = YES;
				CLANG_WARN_BOOL_CONVERSION = YES;
				CLANG_WARN_COMMA = YES;
				CLANG_WARN_CONSTANT_CONVERSION = YES;
				CLANG_WARN_DEPRECATED_OBJC_IMPLEMENTATIONS = YES;
				CLANG_WARN_EMPTY_BODY = YES;
				CLANG_WARN_ENUM_CONVERSION = YES;
				CLANG_WARN_INFINITE_RECURSION = YES;
				CLANG_WARN_INT_CONVERSION = YES;
				CLANG_WARN_NON_LITERAL_NULL_CONVERSION = YES;
				CLANG_WARN_OBJC_IMPLICIT_RETAIN_SELF = YES;
				CLANG_WARN_OBJC_LITERAL_CONVERSION = YES;
				CLANG_WARN_QUOTED_INCLUDE_IN_FRAMEWORK_HEADER = YES;
				CLANG_WARN_RANGE_LOOP_ANALYSIS = YES;
				CLANG_WARN_STRICT_PROTOTYPES = YES;
				CLANG_WARN_SUSPICIOUS_MOVE = YES;
				CLANG_WARN_UNREACHABLE_CODE = YES;
				CLANG_WARN__DUPLICATE_METHOD_MATCH = YES;
				DEAD_CODE_STRIPPING = YES;
				ENABLE_STRICT_OBJC_MSGSEND = YES;
				ENABLE_TESTABILITY = YES;
				ENABLE_USER_SCRIPT_SANDBOXING = YES;
				GCC_NO_COMMON_BLOCKS = YES;
				GCC_WARN_64_TO_32_BIT_CONVERSION = YES;
				GCC_WARN_ABOUT_RETURN_TYPE = YES;
				GCC_WARN_UNDECLARED_SELECTOR = YES;
				GCC_WARN_UNINITIALIZED_AUTOS = YES;
				GCC_WARN_UNUSED_FUNCTION = YES;
				GCC_WARN_UNUSED_VARIABLE = YES;
				ONLY_ACTIVE_ARCH = YES;
				STRING_CATALOG_GENERATE_SYMBOLS = YES;
				SWIFT_VERSION = 5.0;
			};
			name = Debug;
		};
		41DF78E1FACF4AEC87762804 /* Release */ = {
			isa = XCBuildConfiguration;
			buildSettings = {
				ASSETCATALOG_COMPILER_APPICON_NAME = "";
				CODE_SIGN_ENTITLEMENTS = "Smart-Watch-Alarm/Smart-Watch-Alarm.entitlements";
				CODE_SIGN_STYLE = Automatic;
				CURRENT_PROJECT_VERSION = 1;
				DEVELOPMENT_TEAM = "";
				GENERATE_INFOPLIST_FILE = NO;
				INFOPLIST_FILE = "Smart-Watch-Alarm/Info.plist";
				LD_RUNPATH_SEARCH_PATHS = (
					"$(inherited)",
					"@executable_path/Frameworks",
				);
				MARKETING_VERSION = 1.0;
				PRODUCT_BUNDLE_IDENTIFIER = "com.rshulgin.smart-watch-alarm";
				PRODUCT_NAME = "Smart-Watch-Alarm";
				SDKROOT = watchos;
				SUPPORTED_PLATFORMS = "watchos watchsimulator";
				SWIFT_VERSION = 5.0;
				TARGETED_DEVICE_FAMILY = 4;
				WATCHOS_DEPLOYMENT_TARGET = 10.0;
			};
			name = Release;
		};
		64D2BBC01724423DAF1DD991 /* Release */ = {
			isa = XCBuildConfiguration;
			buildSettings = {
				BUNDLE_LOADER = "$(TEST_HOST)";
				CODE_SIGN_STYLE = Automatic;
				CURRENT_PROJECT_VERSION = 1;
				DEVELOPMENT_TEAM = "";
				INFOPLIST_FILE = "Smart-Watch-AlarmTests/Info.plist";
				LD_RUNPATH_SEARCH_PATHS = (
					"$(inherited)",
					"@executable_path/Frameworks",
					"@loader_path/Frameworks",
				);
				MARKETING_VERSION = 1.0;
				PRODUCT_BUNDLE_IDENTIFIER = "com.rshulgin.smart-watch-alarm.tests";
				PRODUCT_NAME = "$(TARGET_NAME)";
				SDKROOT = watchos;
				SUPPORTED_PLATFORMS = "watchos watchsimulator";
				SWIFT_VERSION = 5.0;
				TARGETED_DEVICE_FAMILY = 4;
				TEST_HOST = "$(BUILT_PRODUCTS_DIR)/Smart-Watch-Alarm.app/Smart-Watch-Alarm";
				WATCHOS_DEPLOYMENT_TARGET = 10.0;
			};
			name = Release;
		};
		9071FF7F47D845CBA6AD3CA4 /* Debug */ = {
			isa = XCBuildConfiguration;
			buildSettings = {
				ASSETCATALOG_COMPILER_APPICON_NAME = "";
				CODE_SIGN_ENTITLEMENTS = "Smart-Watch-Alarm/Smart-Watch-Alarm.entitlements";
				CODE_SIGN_STYLE = Automatic;
				CURRENT_PROJECT_VERSION = 1;
				DEVELOPMENT_TEAM = "";
				ENABLE_TESTABILITY = YES;
				GENERATE_INFOPLIST_FILE = NO;
				INFOPLIST_FILE = "Smart-Watch-Alarm/Info.plist";
				LD_RUNPATH_SEARCH_PATHS = (
					"$(inherited)",
					"@executable_path/Frameworks",
				);
				MARKETING_VERSION = 1.0;
				PRODUCT_BUNDLE_IDENTIFIER = "com.rshulgin.smart-watch-alarm";
				PRODUCT_NAME = "Smart-Watch-Alarm";
				SDKROOT = watchos;
				SUPPORTED_PLATFORMS = "watchos watchsimulator";
				SWIFT_VERSION = 5.0;
				TARGETED_DEVICE_FAMILY = 4;
				WATCHOS_DEPLOYMENT_TARGET = 10.0;
			};
			name = Debug;
		};
		C0880F140F9F4CEFAB6313C1 /* Debug */ = {
			isa = XCBuildConfiguration;
			buildSettings = {
				BUNDLE_LOADER = "$(TEST_HOST)";
				CODE_SIGN_STYLE = Automatic;
				CURRENT_PROJECT_VERSION = 1;
				DEVELOPMENT_TEAM = "";
				INFOPLIST_FILE = "Smart-Watch-AlarmTests/Info.plist";
				LD_RUNPATH_SEARCH_PATHS = (
					"$(inherited)",
					"@executable_path/Frameworks",
					"@loader_path/Frameworks",
				);
				MARKETING_VERSION = 1.0;
				PRODUCT_BUNDLE_IDENTIFIER = "com.rshulgin.smart-watch-alarm.tests";
				PRODUCT_NAME = "$(TARGET_NAME)";
				SDKROOT = watchos;
				SUPPORTED_PLATFORMS = "watchos watchsimulator";
				SWIFT_VERSION = 5.0;
				TARGETED_DEVICE_FAMILY = 4;
				TEST_HOST = "$(BUILT_PRODUCTS_DIR)/Smart-Watch-Alarm.app/Smart-Watch-Alarm";
				WATCHOS_DEPLOYMENT_TARGET = 10.0;
			};
			name = Debug;
		};
/* End XCBuildConfiguration section */

/* Begin XCConfigurationList section */
		0EBA954BA1524230AC38EEE7 /* Build configuration list for PBXProject "Smart-Watch-Alarm" */ = {
			isa = XCConfigurationList;
			buildConfigurations = (
				1FA2BD6188E64114A739103A /* Debug */,
				19199C2875D54895BCA8DB61 /* Release */,
			);
			defaultConfigurationIsVisible = 0;
			defaultConfigurationName = Debug;
		};
		D1DF8481B3BE4D8D9B09F5AD /* Build configuration list for PBXNativeTarget "Smart-Watch-AlarmTests" */ = {
			isa = XCConfigurationList;
			buildConfigurations = (
				C0880F140F9F4CEFAB6313C1 /* Debug */,
				64D2BBC01724423DAF1DD991 /* Release */,
			);
			defaultConfigurationIsVisible = 0;
			defaultConfigurationName = Debug;
		};
		EFB26C627744453B949630CC /* Build configuration list for PBXNativeTarget "Smart-Watch-Alarm" */ = {
			isa = XCConfigurationList;
			buildConfigurations = (
				9071FF7F47D845CBA6AD3CA4 /* Debug */,
				41DF78E1FACF4AEC87762804 /* Release */,
			);
			defaultConfigurationIsVisible = 0;
			defaultConfigurationName = Debug;
		};
/* End XCConfigurationList section */
	};
	rootObject = 507028CDBF2542F8A307CC53 /* Project object */;
}
